
Microsoft Visual Studio Solution File, Format Version 12.00
# Visual Studio Version 17
VisualStudioVersion = 17.8.34525.116
MinimumVisualStudioVersion = 10.0.40219.1
Project("{FAE04EC0-301F-11D3-BF4B-00C04F79EFBC}") = "Employees Management", "Employees Management.csproj", "{76640985-67A4-41FE-84CD-892AB7F0CD62}"
EndProject
Global
	GlobalSection(SolutionConfigurationPlatforms) = preSolution
		Debug|Any CPU = Debug|Any CPU
		Release|Any CPU = Release|Any CPU
	EndGlobalSection
	GlobalSection(ProjectConfigurationPlatforms) = postSolution
		{76640985-67A4-41FE-84CD-892AB7F0CD62}.Debug|Any CPU.ActiveCfg = Debug|Any CPU
		{76640985-67A4-41FE-84CD-892AB7F0CD62}.Debug|Any CPU.Build.0 = Debug|Any CPU
		{76640985-67A4-41FE-84CD-892AB7F0CD62}.Release|Any CPU.ActiveCfg = Release|Any CPU
		{76640985-67A4-41FE-84CD-892AB7F0CD62}.Release|Any CPU.Build.0 = Release|Any CPU
	EndGlobalSection
	GlobalSection(SolutionProperties) = preSolution
		HideSolutionNode = FALSE
	EndGlobalSection
	GlobalSection(ExtensibilityGlobals) = postSolution
		SolutionGuid = {F56E4B06-CA7C-4D62-856C-F629DBAD1605}
	EndGlobalSection
EndGlobal
